{
  "requires": true,
  "lockfileVersion": 1,
  "dependencies": {
    "sweetalert2": {
      "version": "9.3.17",
      "resolved": "https://registry.npmjs.org/sweetalert2/-/sweetalert2-9.3.17.tgz",
      "integrity": "sha512-FmIKj+xzQ2fxkwVo9CA2UOjViRJXjn3I0wZSnEU4vOqdKJjo0nOdb7Su8qRckPpiEaas/qhPUcnl5ch+fEm9Bw=="
    }
  }
}
